
Microsoft Visual Studio Solution File, Format Version 12.00
# Visual Studio Version 17
VisualStudioVersion = 17.0.31903.59
MinimumVisualStudioVersion = 10.0.40219.1
Project("{2150E333-8FDC-42A3-9474-1A3956D46DE8}") = "Linear", "Linear", "{5715B8AE-66AE-4D89-AD99-C1C6D1504BBE}"
EndProject
Project("{2150E333-8FDC-42A3-9474-1A3956D46DE8}") = "NonLinear", "NonLinear", "{387583E3-4D0F-46D3-B5E5-C3A3683AEF5B}"
EndProject
Project("{9A19103F-16F7-4668-BE54-9A1E7A4F7556}") = "Lists(G)", "Lists\Lists(G).csproj", "{D4323A10-1083-4830-9D8B-F3B93F126006}"
EndProject
Project("{9A19103F-16F7-4668-BE54-9A1E7A4F7556}") = "LinkedLists(G)", "LinkedLists\LinkedLists(G).csproj", "{AC8C4D95-47F0-4762-9014-54A2BAE1EADF}"
EndProject
Project("{2150E333-8FDC-42A3-9474-1A3956D46DE8}") = "AbstractDataTypes(G)", "AbstractDataTypes(G)", "{B2F71D2C-A5E5-42B5-9BA7-74EBA16673C5}"
EndProject
Project("{9A19103F-16F7-4668-BE54-9A1E7A4F7556}") = "Queues", "Queues\Queues.csproj", "{37D32195-CC6A-457E-AC0A-6ACD95C13050}"
EndProject
Project("{9A19103F-16F7-4668-BE54-9A1E7A4F7556}") = "Stacks", "Stacks\Stacks.csproj", "{297F3867-DBF2-48E6-A8CC-A01BAEBA613B}"
EndProject
Project("{9A19103F-16F7-4668-BE54-9A1E7A4F7556}") = "SortedLists (GKV & KV)", "SortedLists\SortedLists (GKV & KV).csproj", "{6C235010-1814-49D5-9201-7CAE84F40F28}"
EndProject
Project("{9A19103F-16F7-4668-BE54-9A1E7A4F7556}") = "Dictionaries(GKV)", "HashTableLinearProbing\Dictionaries(GKV).csproj", "{151D92C6-F40A-4CB1-8B3E-6071365B749B}"
EndProject
Project("{9A19103F-16F7-4668-BE54-9A1E7A4F7556}") = "HashSets(G)", "HashSets\HashSets(G).csproj", "{3F53F2E7-DDEE-42FE-B66E-6A70A26DEB4C}"
EndProject
Project("{2150E333-8FDC-42A3-9474-1A3956D46DE8}") = "Trees", "Trees", "{50B0E792-04A4-40CE-8B0B-8C2E65CAA5E5}"
EndProject
Project("{9A19103F-16F7-4668-BE54-9A1E7A4F7556}") = "AVL_Tree", "AVL_Tree\AVL_Tree.csproj", "{B71D7E8C-0ED3-4F41-AA47-B5B6F5681196}"
EndProject
Project("{9A19103F-16F7-4668-BE54-9A1E7A4F7556}") = "BinarySearch_Tree", "BinarySearch_Tree\BinarySearch_Tree.csproj", "{1E4303ED-69F0-47BB-AD21-6D427D320CBF}"
EndProject
Project("{9A19103F-16F7-4668-BE54-9A1E7A4F7556}") = "Trie_Tree", "Trie_Tree\Trie_Tree.csproj", "{D595CBBB-5395-460D-AF8A-E6CF35CC4270}"
EndProject
Project("{9A19103F-16F7-4668-BE54-9A1E7A4F7556}") = "RedBlack_Tree", "RedBlack_Tree\RedBlack_Tree.csproj", "{5653C583-DCB9-4093-ADA8-9E06F6FE5767}"
EndProject
Project("{9A19103F-16F7-4668-BE54-9A1E7A4F7556}") = "Graphs", "Graphs\Graphs.csproj", "{2EAE1338-8240-4A74-83D0-7377EAEB57CF}"
EndProject
Project("{2150E333-8FDC-42A3-9474-1A3956D46DE8}") = "Deprecateds", "Deprecateds", "{A2CF0434-DE56-4905-9C01-B23CEF1C3408}"
EndProject
Project("{9A19103F-16F7-4668-BE54-9A1E7A4F7556}") = "ArrayList", "ArrayList\ArrayList.csproj", "{08B29126-C828-4DAC-B58A-796BB78E1D9A}"
EndProject
Project("{2150E333-8FDC-42A3-9474-1A3956D46DE8}") = "Solution Items", "Solution Items", "{EB6AD968-C186-4975-ADF4-0151B053986B}"
	ProjectSection(SolutionItems) = preProject
		AboutBigONotation.txt = AboutBigONotation.txt
	EndProjectSection
EndProject
Project("{2150E333-8FDC-42A3-9474-1A3956D46DE8}") = "Deprecateds", "Deprecateds", "{475D249C-A3EB-49DD-926E-E8186907C219}"
EndProject
Project("{FAE04EC0-301F-11D3-BF4B-00C04F79EFBC}") = "Arrays", "Arrays\Arrays.csproj", "{B28DB844-6395-45B6-8F5B-0A2E6FC1CA8B}"
EndProject
Project("{2150E333-8FDC-42A3-9474-1A3956D46DE8}") = "StaticDataStructures", "StaticDataStructures", "{61D92661-5BB6-4830-8716-5D7AB7E840E7}"
EndProject
Project("{2150E333-8FDC-42A3-9474-1A3956D46DE8}") = "DynamicDataStructures", "DynamicDataStructures", "{23B0F376-CF30-4FB4-8AB9-18D3B046F6AF}"
EndProject
Project("{FAE04EC0-301F-11D3-BF4B-00C04F79EFBC}") = "HashTable(KV)", "HashTable(KV)\HashTable(KV).csproj", "{9A94DA4B-16DF-48A3-8BF0-319094825D7E}"
EndProject
Project("{FAE04EC0-301F-11D3-BF4B-00C04F79EFBC}") = "SortedDictionary(GKV)", "SortedDictionary(GKV)\SortedDictionary(GKV).csproj", "{2B0F5408-C3E5-4F2F-BF40-DE3CD8C77F62}"
EndProject
Project("{FAE04EC0-301F-11D3-BF4B-00C04F79EFBC}") = "SortedSet(G)", "SortedSet(G)\SortedSet(G).csproj", "{C1C32474-8607-49E1-AEE4-5488381DD4EE}"
EndProject
Global
	GlobalSection(SolutionConfigurationPlatforms) = preSolution
		Debug|Any CPU = Debug|Any CPU
		Release|Any CPU = Release|Any CPU
	EndGlobalSection
	GlobalSection(ProjectConfigurationPlatforms) = postSolution
		{D4323A10-1083-4830-9D8B-F3B93F126006}.Debug|Any CPU.ActiveCfg = Debug|Any CPU
		{D4323A10-1083-4830-9D8B-F3B93F126006}.Debug|Any CPU.Build.0 = Debug|Any CPU
		{D4323A10-1083-4830-9D8B-F3B93F126006}.Release|Any CPU.ActiveCfg = Release|Any CPU
		{D4323A10-1083-4830-9D8B-F3B93F126006}.Release|Any CPU.Build.0 = Release|Any CPU
		{AC8C4D95-47F0-4762-9014-54A2BAE1EADF}.Debug|Any CPU.ActiveCfg = Debug|Any CPU
		{AC8C4D95-47F0-4762-9014-54A2BAE1EADF}.Debug|Any CPU.Build.0 = Debug|Any CPU
		{AC8C4D95-47F0-4762-9014-54A2BAE1EADF}.Release|Any CPU.ActiveCfg = Release|Any CPU
		{AC8C4D95-47F0-4762-9014-54A2BAE1EADF}.Release|Any CPU.Build.0 = Release|Any CPU
		{37D32195-CC6A-457E-AC0A-6ACD95C13050}.Debug|Any CPU.ActiveCfg = Debug|Any CPU
		{37D32195-CC6A-457E-AC0A-6ACD95C13050}.Debug|Any CPU.Build.0 = Debug|Any CPU
		{37D32195-CC6A-457E-AC0A-6ACD95C13050}.Release|Any CPU.ActiveCfg = Release|Any CPU
		{37D32195-CC6A-457E-AC0A-6ACD95C13050}.Release|Any CPU.Build.0 = Release|Any CPU
		{297F3867-DBF2-48E6-A8CC-A01BAEBA613B}.Debug|Any CPU.ActiveCfg = Debug|Any CPU
		{297F3867-DBF2-48E6-A8CC-A01BAEBA613B}.Debug|Any CPU.Build.0 = Debug|Any CPU
		{297F3867-DBF2-48E6-A8CC-A01BAEBA613B}.Release|Any CPU.ActiveCfg = Release|Any CPU
		{297F3867-DBF2-48E6-A8CC-A01BAEBA613B}.Release|Any CPU.Build.0 = Release|Any CPU
		{6C235010-1814-49D5-9201-7CAE84F40F28}.Debug|Any CPU.ActiveCfg = Debug|Any CPU
		{6C235010-1814-49D5-9201-7CAE84F40F28}.Debug|Any CPU.Build.0 = Debug|Any CPU
		{6C235010-1814-49D5-9201-7CAE84F40F28}.Release|Any CPU.ActiveCfg = Release|Any CPU
		{6C235010-1814-49D5-9201-7CAE84F40F28}.Release|Any CPU.Build.0 = Release|Any CPU
		{151D92C6-F40A-4CB1-8B3E-6071365B749B}.Debug|Any CPU.ActiveCfg = Debug|Any CPU
		{151D92C6-F40A-4CB1-8B3E-6071365B749B}.Debug|Any CPU.Build.0 = Debug|Any CPU
		{151D92C6-F40A-4CB1-8B3E-6071365B749B}.Release|Any CPU.ActiveCfg = Release|Any CPU
		{151D92C6-F40A-4CB1-8B3E-6071365B749B}.Release|Any CPU.Build.0 = Release|Any CPU
		{3F53F2E7-DDEE-42FE-B66E-6A70A26DEB4C}.Debug|Any CPU.ActiveCfg = Debug|Any CPU
		{3F53F2E7-DDEE-42FE-B66E-6A70A26DEB4C}.Debug|Any CPU.Build.0 = Debug|Any CPU
		{3F53F2E7-DDEE-42FE-B66E-6A70A26DEB4C}.Release|Any CPU.ActiveCfg = Release|Any CPU
		{3F53F2E7-DDEE-42FE-B66E-6A70A26DEB4C}.Release|Any CPU.Build.0 = Release|Any CPU
		{B71D7E8C-0ED3-4F41-AA47-B5B6F5681196}.Debug|Any CPU.ActiveCfg = Debug|Any CPU
		{B71D7E8C-0ED3-4F41-AA47-B5B6F5681196}.Debug|Any CPU.Build.0 = Debug|Any CPU
		{B71D7E8C-0ED3-4F41-AA47-B5B6F5681196}.Release|Any CPU.ActiveCfg = Release|Any CPU
		{B71D7E8C-0ED3-4F41-AA47-B5B6F5681196}.Release|Any CPU.Build.0 = Release|Any CPU
		{1E4303ED-69F0-47BB-AD21-6D427D320CBF}.Debug|Any CPU.ActiveCfg = Debug|Any CPU
		{1E4303ED-69F0-47BB-AD21-6D427D320CBF}.Debug|Any CPU.Build.0 = Debug|Any CPU
		{1E4303ED-69F0-47BB-AD21-6D427D320CBF}.Release|Any CPU.ActiveCfg = Release|Any CPU
		{1E4303ED-69F0-47BB-AD21-6D427D320CBF}.Release|Any CPU.Build.0 = Release|Any CPU
		{D595CBBB-5395-460D-AF8A-E6CF35CC4270}.Debug|Any CPU.ActiveCfg = Debug|Any CPU
		{D595CBBB-5395-460D-AF8A-E6CF35CC4270}.Debug|Any CPU.Build.0 = Debug|Any CPU
		{D595CBBB-5395-460D-AF8A-E6CF35CC4270}.Release|Any CPU.ActiveCfg = Release|Any CPU
		{D595CBBB-5395-460D-AF8A-E6CF35CC4270}.Release|Any CPU.Build.0 = Release|Any CPU
		{5653C583-DCB9-4093-ADA8-9E06F6FE5767}.Debug|Any CPU.ActiveCfg = Debug|Any CPU
		{5653C583-DCB9-4093-ADA8-9E06F6FE5767}.Debug|Any CPU.Build.0 = Debug|Any CPU
		{5653C583-DCB9-4093-ADA8-9E06F6FE5767}.Release|Any CPU.ActiveCfg = Release|Any CPU
		{5653C583-DCB9-4093-ADA8-9E06F6FE5767}.Release|Any CPU.Build.0 = Release|Any CPU
		{2EAE1338-8240-4A74-83D0-7377EAEB57CF}.Debug|Any CPU.ActiveCfg = Debug|Any CPU
		{2EAE1338-8240-4A74-83D0-7377EAEB57CF}.Debug|Any CPU.Build.0 = Debug|Any CPU
		{2EAE1338-8240-4A74-83D0-7377EAEB57CF}.Release|Any CPU.ActiveCfg = Release|Any CPU
		{2EAE1338-8240-4A74-83D0-7377EAEB57CF}.Release|Any CPU.Build.0 = Release|Any CPU
		{08B29126-C828-4DAC-B58A-796BB78E1D9A}.Debug|Any CPU.ActiveCfg = Debug|Any CPU
		{08B29126-C828-4DAC-B58A-796BB78E1D9A}.Debug|Any CPU.Build.0 = Debug|Any CPU
		{08B29126-C828-4DAC-B58A-796BB78E1D9A}.Release|Any CPU.ActiveCfg = Release|Any CPU
		{08B29126-C828-4DAC-B58A-796BB78E1D9A}.Release|Any CPU.Build.0 = Release|Any CPU
		{B28DB844-6395-45B6-8F5B-0A2E6FC1CA8B}.Debug|Any CPU.ActiveCfg = Debug|Any CPU
		{B28DB844-6395-45B6-8F5B-0A2E6FC1CA8B}.Debug|Any CPU.Build.0 = Debug|Any CPU
		{B28DB844-6395-45B6-8F5B-0A2E6FC1CA8B}.Release|Any CPU.ActiveCfg = Release|Any CPU
		{B28DB844-6395-45B6-8F5B-0A2E6FC1CA8B}.Release|Any CPU.Build.0 = Release|Any CPU
		{9A94DA4B-16DF-48A3-8BF0-319094825D7E}.Debug|Any CPU.ActiveCfg = Debug|Any CPU
		{9A94DA4B-16DF-48A3-8BF0-319094825D7E}.Debug|Any CPU.Build.0 = Debug|Any CPU
		{9A94DA4B-16DF-48A3-8BF0-319094825D7E}.Release|Any CPU.ActiveCfg = Release|Any CPU
		{9A94DA4B-16DF-48A3-8BF0-319094825D7E}.Release|Any CPU.Build.0 = Release|Any CPU
		{2B0F5408-C3E5-4F2F-BF40-DE3CD8C77F62}.Debug|Any CPU.ActiveCfg = Debug|Any CPU
		{2B0F5408-C3E5-4F2F-BF40-DE3CD8C77F62}.Debug|Any CPU.Build.0 = Debug|Any CPU
		{2B0F5408-C3E5-4F2F-BF40-DE3CD8C77F62}.Release|Any CPU.ActiveCfg = Release|Any CPU
		{2B0F5408-C3E5-4F2F-BF40-DE3CD8C77F62}.Release|Any CPU.Build.0 = Release|Any CPU
		{C1C32474-8607-49E1-AEE4-5488381DD4EE}.Debug|Any CPU.ActiveCfg = Debug|Any CPU
		{C1C32474-8607-49E1-AEE4-5488381DD4EE}.Debug|Any CPU.Build.0 = Debug|Any CPU
		{C1C32474-8607-49E1-AEE4-5488381DD4EE}.Release|Any CPU.ActiveCfg = Release|Any CPU
		{C1C32474-8607-49E1-AEE4-5488381DD4EE}.Release|Any CPU.Build.0 = Release|Any CPU
	EndGlobalSection
	GlobalSection(SolutionProperties) = preSolution
		HideSolutionNode = FALSE
	EndGlobalSection
	GlobalSection(NestedProjects) = preSolution
		{D4323A10-1083-4830-9D8B-F3B93F126006} = {23B0F376-CF30-4FB4-8AB9-18D3B046F6AF}
		{AC8C4D95-47F0-4762-9014-54A2BAE1EADF} = {23B0F376-CF30-4FB4-8AB9-18D3B046F6AF}
		{B2F71D2C-A5E5-42B5-9BA7-74EBA16673C5} = {23B0F376-CF30-4FB4-8AB9-18D3B046F6AF}
		{37D32195-CC6A-457E-AC0A-6ACD95C13050} = {B2F71D2C-A5E5-42B5-9BA7-74EBA16673C5}
		{297F3867-DBF2-48E6-A8CC-A01BAEBA613B} = {B2F71D2C-A5E5-42B5-9BA7-74EBA16673C5}
		{6C235010-1814-49D5-9201-7CAE84F40F28} = {A2CF0434-DE56-4905-9C01-B23CEF1C3408}
		{151D92C6-F40A-4CB1-8B3E-6071365B749B} = {387583E3-4D0F-46D3-B5E5-C3A3683AEF5B}
		{3F53F2E7-DDEE-42FE-B66E-6A70A26DEB4C} = {387583E3-4D0F-46D3-B5E5-C3A3683AEF5B}
		{50B0E792-04A4-40CE-8B0B-8C2E65CAA5E5} = {387583E3-4D0F-46D3-B5E5-C3A3683AEF5B}
		{B71D7E8C-0ED3-4F41-AA47-B5B6F5681196} = {50B0E792-04A4-40CE-8B0B-8C2E65CAA5E5}
		{1E4303ED-69F0-47BB-AD21-6D427D320CBF} = {50B0E792-04A4-40CE-8B0B-8C2E65CAA5E5}
		{D595CBBB-5395-460D-AF8A-E6CF35CC4270} = {50B0E792-04A4-40CE-8B0B-8C2E65CAA5E5}
		{5653C583-DCB9-4093-ADA8-9E06F6FE5767} = {50B0E792-04A4-40CE-8B0B-8C2E65CAA5E5}
		{2EAE1338-8240-4A74-83D0-7377EAEB57CF} = {387583E3-4D0F-46D3-B5E5-C3A3683AEF5B}
		{A2CF0434-DE56-4905-9C01-B23CEF1C3408} = {23B0F376-CF30-4FB4-8AB9-18D3B046F6AF}
		{08B29126-C828-4DAC-B58A-796BB78E1D9A} = {A2CF0434-DE56-4905-9C01-B23CEF1C3408}
		{475D249C-A3EB-49DD-926E-E8186907C219} = {387583E3-4D0F-46D3-B5E5-C3A3683AEF5B}
		{B28DB844-6395-45B6-8F5B-0A2E6FC1CA8B} = {61D92661-5BB6-4830-8716-5D7AB7E840E7}
		{61D92661-5BB6-4830-8716-5D7AB7E840E7} = {5715B8AE-66AE-4D89-AD99-C1C6D1504BBE}
		{23B0F376-CF30-4FB4-8AB9-18D3B046F6AF} = {5715B8AE-66AE-4D89-AD99-C1C6D1504BBE}
		{9A94DA4B-16DF-48A3-8BF0-319094825D7E} = {475D249C-A3EB-49DD-926E-E8186907C219}
		{2B0F5408-C3E5-4F2F-BF40-DE3CD8C77F62} = {387583E3-4D0F-46D3-B5E5-C3A3683AEF5B}
		{C1C32474-8607-49E1-AEE4-5488381DD4EE} = {387583E3-4D0F-46D3-B5E5-C3A3683AEF5B}
	EndGlobalSection
	GlobalSection(ExtensibilityGlobals) = postSolution
		SolutionGuid = {02CEA3FC-4E86-46BB-8268-FAE8A92E00D9}
	EndGlobalSection
EndGlobal
