
Microsoft Visual Studio Solution File, Format Version 12.00
# Visual Studio Version 17
VisualStudioVersion = 17.0.31903.59
MinimumVisualStudioVersion = 10.0.40219.1
Project("{2150E333-8FDC-42A3-9474-1A3956D46DE8}") = "Linear", "Linear", "{5715B8AE-66AE-4D89-AD99-C1C6D1504BBE}"
EndProject
Project("{2150E333-8FDC-42A3-9474-1A3956D46DE8}") = "NonLinear", "NonLinear", "{387583E3-4D0F-46D3-B5E5-C3A3683AEF5B}"
EndProject
Project("{FAE04EC0-301F-11D3-BF4B-00C04F79EFBC}") = "Lists", "Lists\Lists.csproj", "{D4323A10-1083-4830-9D8B-F3B93F126006}"
EndProject
Project("{FAE04EC0-301F-11D3-BF4B-00C04F79EFBC}") = "LinkedLists", "LinkedLists\LinkedLists.csproj", "{AC8C4D95-47F0-4762-9014-54A2BAE1EADF}"
EndProject
Project("{2150E333-8FDC-42A3-9474-1A3956D46DE8}") = "AbstractDataTypes", "AbstractDataTypes", "{B2F71D2C-A5E5-42B5-9BA7-74EBA16673C5}"
EndProject
Project("{FAE04EC0-301F-11D3-BF4B-00C04F79EFBC}") = "Queues", "Queues\Queues.csproj", "{37D32195-CC6A-457E-AC0A-6ACD95C13050}"
EndProject
Project("{FAE04EC0-301F-11D3-BF4B-00C04F79EFBC}") = "Stacks", "Stacks\Stacks.csproj", "{297F3867-DBF2-48E6-A8CC-A01BAEBA613B}"
EndProject
Project("{FAE04EC0-301F-11D3-BF4B-00C04F79EFBC}") = "SortedLists", "SortedLists\SortedLists.csproj", "{6C235010-1814-49D5-9201-7CAE84F40F28}"
EndProject
Project("{FAE04EC0-301F-11D3-BF4B-00C04F79EFBC}") = "Dictionaries", "HashTableLinearProbing\Dictionaries.csproj", "{151D92C6-F40A-4CB1-8B3E-6071365B749B}"
EndProject
Project("{FAE04EC0-301F-11D3-BF4B-00C04F79EFBC}") = "HashSets", "HashSets\HashSets.csproj", "{3F53F2E7-DDEE-42FE-B66E-6A70A26DEB4C}"
EndProject
Project("{2150E333-8FDC-42A3-9474-1A3956D46DE8}") = "Trees", "Trees", "{50B0E792-04A4-40CE-8B0B-8C2E65CAA5E5}"
EndProject
Project("{FAE04EC0-301F-11D3-BF4B-00C04F79EFBC}") = "AVL_Tree", "AVL_Tree\AVL_Tree.csproj", "{B71D7E8C-0ED3-4F41-AA47-B5B6F5681196}"
EndProject
Project("{FAE04EC0-301F-11D3-BF4B-00C04F79EFBC}") = "BinarySearch_Tree", "BinarySearch_Tree\BinarySearch_Tree.csproj", "{1E4303ED-69F0-47BB-AD21-6D427D320CBF}"
EndProject
Project("{FAE04EC0-301F-11D3-BF4B-00C04F79EFBC}") = "Trie_Tree", "Trie_Tree\Trie_Tree.csproj", "{D595CBBB-5395-460D-AF8A-E6CF35CC4270}"
EndProject
Project("{FAE04EC0-301F-11D3-BF4B-00C04F79EFBC}") = "RedBlack_Tree", "RedBlack_Tree\RedBlack_Tree.csproj", "{5653C583-DCB9-4093-ADA8-9E06F6FE5767}"
EndProject
Project("{FAE04EC0-301F-11D3-BF4B-00C04F79EFBC}") = "Graphs", "Graphs\Graphs.csproj", "{2EAE1338-8240-4A74-83D0-7377EAEB57CF}"
EndProject
Global
	GlobalSection(SolutionConfigurationPlatforms) = preSolution
		Debug|Any CPU = Debug|Any CPU
		Release|Any CPU = Release|Any CPU
	EndGlobalSection
	GlobalSection(ProjectConfigurationPlatforms) = postSolution
		{D4323A10-1083-4830-9D8B-F3B93F126006}.Debug|Any CPU.ActiveCfg = Debug|Any CPU
		{D4323A10-1083-4830-9D8B-F3B93F126006}.Debug|Any CPU.Build.0 = Debug|Any CPU
		{D4323A10-1083-4830-9D8B-F3B93F126006}.Release|Any CPU.ActiveCfg = Release|Any CPU
		{D4323A10-1083-4830-9D8B-F3B93F126006}.Release|Any CPU.Build.0 = Release|Any CPU
		{AC8C4D95-47F0-4762-9014-54A2BAE1EADF}.Debug|Any CPU.ActiveCfg = Debug|Any CPU
		{AC8C4D95-47F0-4762-9014-54A2BAE1EADF}.Debug|Any CPU.Build.0 = Debug|Any CPU
		{AC8C4D95-47F0-4762-9014-54A2BAE1EADF}.Release|Any CPU.ActiveCfg = Release|Any CPU
		{AC8C4D95-47F0-4762-9014-54A2BAE1EADF}.Release|Any CPU.Build.0 = Release|Any CPU
		{37D32195-CC6A-457E-AC0A-6ACD95C13050}.Debug|Any CPU.ActiveCfg = Debug|Any CPU
		{37D32195-CC6A-457E-AC0A-6ACD95C13050}.Debug|Any CPU.Build.0 = Debug|Any CPU
		{37D32195-CC6A-457E-AC0A-6ACD95C13050}.Release|Any CPU.ActiveCfg = Release|Any CPU
		{37D32195-CC6A-457E-AC0A-6ACD95C13050}.Release|Any CPU.Build.0 = Release|Any CPU
		{297F3867-DBF2-48E6-A8CC-A01BAEBA613B}.Debug|Any CPU.ActiveCfg = Debug|Any CPU
		{297F3867-DBF2-48E6-A8CC-A01BAEBA613B}.Debug|Any CPU.Build.0 = Debug|Any CPU
		{297F3867-DBF2-48E6-A8CC-A01BAEBA613B}.Release|Any CPU.ActiveCfg = Release|Any CPU
		{297F3867-DBF2-48E6-A8CC-A01BAEBA613B}.Release|Any CPU.Build.0 = Release|Any CPU
		{6C235010-1814-49D5-9201-7CAE84F40F28}.Debug|Any CPU.ActiveCfg = Debug|Any CPU
		{6C235010-1814-49D5-9201-7CAE84F40F28}.Debug|Any CPU.Build.0 = Debug|Any CPU
		{6C235010-1814-49D5-9201-7CAE84F40F28}.Release|Any CPU.ActiveCfg = Release|Any CPU
		{6C235010-1814-49D5-9201-7CAE84F40F28}.Release|Any CPU.Build.0 = Release|Any CPU
		{151D92C6-F40A-4CB1-8B3E-6071365B749B}.Debug|Any CPU.ActiveCfg = Debug|Any CPU
		{151D92C6-F40A-4CB1-8B3E-6071365B749B}.Debug|Any CPU.Build.0 = Debug|Any CPU
		{151D92C6-F40A-4CB1-8B3E-6071365B749B}.Release|Any CPU.ActiveCfg = Release|Any CPU
		{151D92C6-F40A-4CB1-8B3E-6071365B749B}.Release|Any CPU.Build.0 = Release|Any CPU
		{3F53F2E7-DDEE-42FE-B66E-6A70A26DEB4C}.Debug|Any CPU.ActiveCfg = Debug|Any CPU
		{3F53F2E7-DDEE-42FE-B66E-6A70A26DEB4C}.Debug|Any CPU.Build.0 = Debug|Any CPU
		{3F53F2E7-DDEE-42FE-B66E-6A70A26DEB4C}.Release|Any CPU.ActiveCfg = Release|Any CPU
		{3F53F2E7-DDEE-42FE-B66E-6A70A26DEB4C}.Release|Any CPU.Build.0 = Release|Any CPU
		{B71D7E8C-0ED3-4F41-AA47-B5B6F5681196}.Debug|Any CPU.ActiveCfg = Debug|Any CPU
		{B71D7E8C-0ED3-4F41-AA47-B5B6F5681196}.Debug|Any CPU.Build.0 = Debug|Any CPU
		{B71D7E8C-0ED3-4F41-AA47-B5B6F5681196}.Release|Any CPU.ActiveCfg = Release|Any CPU
		{B71D7E8C-0ED3-4F41-AA47-B5B6F5681196}.Release|Any CPU.Build.0 = Release|Any CPU
		{1E4303ED-69F0-47BB-AD21-6D427D320CBF}.Debug|Any CPU.ActiveCfg = Debug|Any CPU
		{1E4303ED-69F0-47BB-AD21-6D427D320CBF}.Debug|Any CPU.Build.0 = Debug|Any CPU
		{1E4303ED-69F0-47BB-AD21-6D427D320CBF}.Release|Any CPU.ActiveCfg = Release|Any CPU
		{1E4303ED-69F0-47BB-AD21-6D427D320CBF}.Release|Any CPU.Build.0 = Release|Any CPU
		{D595CBBB-5395-460D-AF8A-E6CF35CC4270}.Debug|Any CPU.ActiveCfg = Debug|Any CPU
		{D595CBBB-5395-460D-AF8A-E6CF35CC4270}.Debug|Any CPU.Build.0 = Debug|Any CPU
		{D595CBBB-5395-460D-AF8A-E6CF35CC4270}.Release|Any CPU.ActiveCfg = Release|Any CPU
		{D595CBBB-5395-460D-AF8A-E6CF35CC4270}.Release|Any CPU.Build.0 = Release|Any CPU
		{5653C583-DCB9-4093-ADA8-9E06F6FE5767}.Debug|Any CPU.ActiveCfg = Debug|Any CPU
		{5653C583-DCB9-4093-ADA8-9E06F6FE5767}.Debug|Any CPU.Build.0 = Debug|Any CPU
		{5653C583-DCB9-4093-ADA8-9E06F6FE5767}.Release|Any CPU.ActiveCfg = Release|Any CPU
		{5653C583-DCB9-4093-ADA8-9E06F6FE5767}.Release|Any CPU.Build.0 = Release|Any CPU
		{2EAE1338-8240-4A74-83D0-7377EAEB57CF}.Debug|Any CPU.ActiveCfg = Debug|Any CPU
		{2EAE1338-8240-4A74-83D0-7377EAEB57CF}.Debug|Any CPU.Build.0 = Debug|Any CPU
		{2EAE1338-8240-4A74-83D0-7377EAEB57CF}.Release|Any CPU.ActiveCfg = Release|Any CPU
		{2EAE1338-8240-4A74-83D0-7377EAEB57CF}.Release|Any CPU.Build.0 = Release|Any CPU
	EndGlobalSection
	GlobalSection(SolutionProperties) = preSolution
		HideSolutionNode = FALSE
	EndGlobalSection
	GlobalSection(NestedProjects) = preSolution
		{D4323A10-1083-4830-9D8B-F3B93F126006} = {5715B8AE-66AE-4D89-AD99-C1C6D1504BBE}
		{AC8C4D95-47F0-4762-9014-54A2BAE1EADF} = {5715B8AE-66AE-4D89-AD99-C1C6D1504BBE}
		{B2F71D2C-A5E5-42B5-9BA7-74EBA16673C5} = {5715B8AE-66AE-4D89-AD99-C1C6D1504BBE}
		{37D32195-CC6A-457E-AC0A-6ACD95C13050} = {B2F71D2C-A5E5-42B5-9BA7-74EBA16673C5}
		{297F3867-DBF2-48E6-A8CC-A01BAEBA613B} = {B2F71D2C-A5E5-42B5-9BA7-74EBA16673C5}
		{6C235010-1814-49D5-9201-7CAE84F40F28} = {5715B8AE-66AE-4D89-AD99-C1C6D1504BBE}
		{151D92C6-F40A-4CB1-8B3E-6071365B749B} = {387583E3-4D0F-46D3-B5E5-C3A3683AEF5B}
		{3F53F2E7-DDEE-42FE-B66E-6A70A26DEB4C} = {387583E3-4D0F-46D3-B5E5-C3A3683AEF5B}
		{50B0E792-04A4-40CE-8B0B-8C2E65CAA5E5} = {387583E3-4D0F-46D3-B5E5-C3A3683AEF5B}
		{B71D7E8C-0ED3-4F41-AA47-B5B6F5681196} = {50B0E792-04A4-40CE-8B0B-8C2E65CAA5E5}
		{1E4303ED-69F0-47BB-AD21-6D427D320CBF} = {50B0E792-04A4-40CE-8B0B-8C2E65CAA5E5}
		{D595CBBB-5395-460D-AF8A-E6CF35CC4270} = {50B0E792-04A4-40CE-8B0B-8C2E65CAA5E5}
		{5653C583-DCB9-4093-ADA8-9E06F6FE5767} = {50B0E792-04A4-40CE-8B0B-8C2E65CAA5E5}
		{2EAE1338-8240-4A74-83D0-7377EAEB57CF} = {387583E3-4D0F-46D3-B5E5-C3A3683AEF5B}
	EndGlobalSection
	GlobalSection(ExtensibilityGlobals) = postSolution
		SolutionGuid = {02CEA3FC-4E86-46BB-8268-FAE8A92E00D9}
	EndGlobalSection
EndGlobal
